<?xml version="1.0" encoding="utf-8"?>
<Project ToolsVersion="4.0" xmlns="http://schemas.microsoft.com/developer/msbuild/2003">
  <ItemGroup>
    <Filter Include="Private">
      <UniqueIdentifier>{71b71df8-d529-4e05-ba84-062078424723}</UniqueIdentifier>
    </Filter>
    <Filter Include="Public">
      <UniqueIdentifier>{3e49d674-0354-4e58-8df9-fa98ef3584bc}</UniqueIdentifier>
    </Filter>
  </ItemGroup>
  <ItemGroup>
    <ClCompile Include="Encapsulation.cpp">
      <Filter>Private</Filter>
    </ClCompile>
  </ItemGroup>
</Project>