<?xml version="1.0" encoding="utf-8"?>
<Project ToolsVersion="4.0" xmlns="http://schemas.microsoft.com/developer/msbuild/2003">
  <ItemGroup>
    <ClCompile Include="Ligma.cpp">
      <Filter>Core\Private</Filter>
    </ClCompile>
    <ClCompile Include="SDLTests.cpp">
      <Filter>LibsTests\Private</Filter>
    </ClCompile>
    <ClCompile Include="RaylibTests.cpp">
      <Filter>LibsTests\Private</Filter>
    </ClCompile>
    <ClCompile Include="RaylibSprite.cpp">
      <Filter>Encapsulation\Sprite\Private</Filter>
    </ClCompile>
    <ClCompile Include="SDLSprite.cpp">
      <Filter>Encapsulation\Sprite\Private</Filter>
    </ClCompile>
    <ClCompile Include="Sprite.cpp">
      <Filter>Encapsulation\Sprite\Private</Filter>
    </ClCompile>
    <ClCompile Include="RaylibWindow.cpp">
      <Filter>Encapsulation\Window\Private</Filter>
    </ClCompile>
    <ClCompile Include="SDLWindow.cpp">
      <Filter>Encapsulation\Window\Private</Filter>
    </ClCompile>
    <ClCompile Include="Window.cpp">
      <Filter>Encapsulation\Window\Private</Filter>
    </ClCompile>
    <ClCompile Include="App.cpp">
      <Filter>Core\Private</Filter>
    </ClCompile>
    <ClCompile Include="Ball.cpp">
      <Filter>Balls\Private</Filter>
    </ClCompile>
    <ClCompile Include="BallsManager.cpp">
      <Filter>Balls\Private</Filter>
    </ClCompile>
    <ClCompile Include="DisplayableObject.cpp">
      <Filter>Core\Private</Filter>
    </ClCompile>
    <ClCompile Include="TimeModule.cpp">
      <Filter>Core\Private</Filter>
    </ClCompile>
    <ClCompile Include="QuadTree.cpp">
      <Filter>Core\Private</Filter>
    </ClCompile>
    <ClCompile Include="SpritesLoader.cpp">
      <Filter>Core\Private</Filter>
    </ClCompile>
    <ClCompile Include="EventHandler.cpp">
      <Filter>Encapsulation\Events\Private</Filter>
    </ClCompile>
    <ClCompile Include="RaylibEventHandler.cpp">
      <Filter>Encapsulation\Events\Private</Filter>
    </ClCompile>
    <ClCompile Include="SDLEventHandler.cpp">
      <Filter>Encapsulation\Events\Private</Filter>
    </ClCompile>
    <ClCompile Include="BallPreview.cpp">
      <Filter>Balls\Private</Filter>
    </ClCompile>
  </ItemGroup>
  <ItemGroup>
    <Filter Include="LibsTests">
      <UniqueIdentifier>{ca673e7d-9561-42a1-a7b8-dea228fbd175}</UniqueIdentifier>
    </Filter>
    <Filter Include="LibsTests\Private">
      <UniqueIdentifier>{27bd5f31-a546-402d-8468-e13a753940af}</UniqueIdentifier>
    </Filter>
    <Filter Include="LibsTests\Public">
      <UniqueIdentifier>{426d4b9b-0173-42df-85a7-3cc18a5eb7db}</UniqueIdentifier>
    </Filter>
    <Filter Include="Core">
      <UniqueIdentifier>{f0ed4c1b-92e8-48e2-88b9-87e54d204dc0}</UniqueIdentifier>
    </Filter>
    <Filter Include="Core\Private">
      <UniqueIdentifier>{b2f29cef-7037-4a92-920d-496775a0c74b}</UniqueIdentifier>
    </Filter>
    <Filter Include="Core\Public">
      <UniqueIdentifier>{09642493-fe62-4da8-85ea-3407585920b7}</UniqueIdentifier>
    </Filter>
    <Filter Include="Balls">
      <UniqueIdentifier>{c06b8806-ad99-4156-8578-fd7ef39e1eb9}</UniqueIdentifier>
    </Filter>
    <Filter Include="Balls\Private">
      <UniqueIdentifier>{ed031b8b-d5b1-44f4-be6f-1ee272adf7e7}</UniqueIdentifier>
    </Filter>
    <Filter Include="Balls\Public">
      <UniqueIdentifier>{14a298f6-b391-408f-be9b-bdfc4a58d1d0}</UniqueIdentifier>
    </Filter>
    <Filter Include="Encapsulation">
      <UniqueIdentifier>{5516dbbe-5e29-4310-b7e6-164a067d2322}</UniqueIdentifier>
    </Filter>
    <Filter Include="Encapsulation\Sprite">
      <UniqueIdentifier>{341964a1-1f7a-4ae8-a96e-f9a068a74de8}</UniqueIdentifier>
    </Filter>
    <Filter Include="Encapsulation\Sprite\Public">
      <UniqueIdentifier>{79f71084-021c-46fc-bc7f-f20c7023884f}</UniqueIdentifier>
    </Filter>
    <Filter Include="Encapsulation\Sprite\Private">
      <UniqueIdentifier>{e68de850-6cac-4e33-8369-946591db233e}</UniqueIdentifier>
    </Filter>
    <Filter Include="Encapsulation\Window">
      <UniqueIdentifier>{106e8c0b-25fd-489b-811e-c2fa66171572}</UniqueIdentifier>
    </Filter>
    <Filter Include="Encapsulation\Window\Public">
      <UniqueIdentifier>{0a187529-e009-4ef1-a914-7ed50d40d62e}</UniqueIdentifier>
    </Filter>
    <Filter Include="Encapsulation\Window\Private">
      <UniqueIdentifier>{cab7329e-c71a-40d0-b56e-d2657f3b9142}</UniqueIdentifier>
    </Filter>
    <Filter Include="Encapsulation\Events">
      <UniqueIdentifier>{8c002872-05e5-411e-9dda-1d1e89708ea2}</UniqueIdentifier>
    </Filter>
    <Filter Include="Encapsulation\Events\Private">
      <UniqueIdentifier>{8365efa1-0692-4bf2-a76c-ceae6ab91880}</UniqueIdentifier>
    </Filter>
    <Filter Include="Encapsulation\Events\Public">
      <UniqueIdentifier>{cfd26cb9-46c2-4bf7-b775-3497cda62b21}</UniqueIdentifier>
    </Filter>
  </ItemGroup>
  <ItemGroup>
    <ClInclude Include="RaylibTests.h">
      <Filter>LibsTests\Public</Filter>
    </ClInclude>
    <ClInclude Include="SDLTests.h">
      <Filter>LibsTests\Public</Filter>
    </ClInclude>
    <ClInclude Include="RaylibSprite.h">
      <Filter>Encapsulation\Sprite\Public</Filter>
    </ClInclude>
    <ClInclude Include="Sprite.h">
      <Filter>Encapsulation\Sprite\Public</Filter>
    </ClInclude>
    <ClInclude Include="SDLSprite.h">
      <Filter>Encapsulation\Sprite\Public</Filter>
    </ClInclude>
    <ClInclude Include="RaylibWindow.h">
      <Filter>Encapsulation\Window\Public</Filter>
    </ClInclude>
    <ClInclude Include="SDLWindow.h">
      <Filter>Encapsulation\Window\Public</Filter>
    </ClInclude>
    <ClInclude Include="Window.h">
      <Filter>Encapsulation\Window\Public</Filter>
    </ClInclude>
    <ClInclude Include="App.h">
      <Filter>Core\Public</Filter>
    </ClInclude>
    <ClInclude Include="Ball.h">
      <Filter>Balls\Public</Filter>
    </ClInclude>
    <ClInclude Include="BallsManager.h">
      <Filter>Balls\Public</Filter>
    </ClInclude>
    <ClInclude Include="DisplayableObject.h">
      <Filter>Core\Public</Filter>
    </ClInclude>
    <ClInclude Include="TimeModule.h">
      <Filter>Core\Public</Filter>
    </ClInclude>
    <ClInclude Include="GameConsts.h">
      <Filter>Core\Public</Filter>
    </ClInclude>
    <ClInclude Include="QuadTree.h">
      <Filter>Core\Public</Filter>
    </ClInclude>
    <ClInclude Include="Edge.h">
      <Filter>Balls\Public</Filter>
    </ClInclude>
    <ClInclude Include="SpritesLoader.h">
      <Filter>Core\Public</Filter>
    </ClInclude>
    <ClInclude Include="EventHandler.h">
      <Filter>Encapsulation\Events\Public</Filter>
    </ClInclude>
    <ClInclude Include="RaylibEventHandler.h">
      <Filter>Encapsulation\Events\Public</Filter>
    </ClInclude>
    <ClInclude Include="SDLEventHandler.h">
      <Filter>Encapsulation\Events\Public</Filter>
    </ClInclude>
    <ClInclude Include="BallPreview.h">
      <Filter>Balls\Public</Filter>
    </ClInclude>
  </ItemGroup>
</Project>