<?xml version="1.0" encoding="utf-8"?>
<Project ToolsVersion="4.0" xmlns="http://schemas.microsoft.com/developer/msbuild/2003">
  <ItemGroup>
    <ClCompile Include="Source\Ball.cpp">
      <Filter>Balls\Private</Filter>
    </ClCompile>
    <ClCompile Include="Source\BallPreview.cpp">
      <Filter>Balls\Private</Filter>
    </ClCompile>
    <ClCompile Include="Source\BallsManager.cpp">
      <Filter>Balls\Private</Filter>
    </ClCompile>
    <ClCompile Include="Source\App.cpp">
      <Filter>Core\Private</Filter>
    </ClCompile>
    <ClCompile Include="Source\DisplayableObject.cpp">
      <Filter>Core\Private</Filter>
    </ClCompile>
    <ClCompile Include="Source\Ligma.cpp">
      <Filter>Core\Private</Filter>
    </ClCompile>
    <ClCompile Include="Source\QuadTree.cpp">
      <Filter>Core\Private</Filter>
    </ClCompile>
    <ClCompile Include="Source\SpritesLoader.cpp">
      <Filter>Core\Private</Filter>
    </ClCompile>
    <ClCompile Include="Source\TimeModule.cpp">
      <Filter>Core\Private</Filter>
    </ClCompile>
    <ClCompile Include="Source\EventHandler.cpp">
      <Filter>Encapsulation\Event\Private</Filter>
    </ClCompile>
    <ClCompile Include="Source\RaylibEventHandler.cpp">
      <Filter>Encapsulation\Event\Private</Filter>
    </ClCompile>
    <ClCompile Include="Source\SDLEventHandler.cpp">
      <Filter>Encapsulation\Event\Private</Filter>
    </ClCompile>
    <ClCompile Include="Source\RaylibSprite.cpp">
      <Filter>Encapsulation\Sprite\Private</Filter>
    </ClCompile>
    <ClCompile Include="Source\SDLSprite.cpp">
      <Filter>Encapsulation\Sprite\Private</Filter>
    </ClCompile>
    <ClCompile Include="Source\Sprite.cpp">
      <Filter>Encapsulation\Sprite\Private</Filter>
    </ClCompile>
    <ClCompile Include="Source\RaylibWindow.cpp">
      <Filter>Encapsulation\Window\Private</Filter>
    </ClCompile>
    <ClCompile Include="Source\SDLWindow.cpp">
      <Filter>Encapsulation\Window\Private</Filter>
    </ClCompile>
    <ClCompile Include="Source\Window.cpp">
      <Filter>Encapsulation\Window\Private</Filter>
    </ClCompile>
    <ClCompile Include="Source\RaylibTests.cpp">
      <Filter>LibsTests\Private</Filter>
    </ClCompile>
    <ClCompile Include="Source\SDLTests.cpp">
      <Filter>LibsTests\Private</Filter>
    </ClCompile>
  </ItemGroup>
  <ItemGroup>
    <ClInclude Include="Source\Ball.h">
      <Filter>Balls\Public</Filter>
    </ClInclude>
    <ClInclude Include="Source\BallPreview.h">
      <Filter>Balls\Public</Filter>
    </ClInclude>
    <ClInclude Include="Source\BallsManager.h">
      <Filter>Balls\Public</Filter>
    </ClInclude>
    <ClInclude Include="Source\Edge.h">
      <Filter>Balls\Public</Filter>
    </ClInclude>
    <ClInclude Include="Source\App.h">
      <Filter>Core\Public</Filter>
    </ClInclude>
    <ClInclude Include="Source\DisplayableObject.h">
      <Filter>Core\Public</Filter>
    </ClInclude>
    <ClInclude Include="Source\GameConsts.h">
      <Filter>Core\Public</Filter>
    </ClInclude>
    <ClInclude Include="Source\QuadTree.h">
      <Filter>Core\Public</Filter>
    </ClInclude>
    <ClInclude Include="Source\SpritesLoader.h">
      <Filter>Core\Public</Filter>
    </ClInclude>
    <ClInclude Include="Source\TimeModule.h">
      <Filter>Core\Public</Filter>
    </ClInclude>
    <ClInclude Include="Source\EventHandler.h">
      <Filter>Encapsulation\Event\Public</Filter>
    </ClInclude>
    <ClInclude Include="Source\RaylibEventHandler.h">
      <Filter>Encapsulation\Event\Public</Filter>
    </ClInclude>
    <ClInclude Include="Source\SDLEventHandler.h">
      <Filter>Encapsulation\Event\Public</Filter>
    </ClInclude>
    <ClInclude Include="Source\RaylibSprite.h">
      <Filter>Encapsulation\Sprite\Public</Filter>
    </ClInclude>
    <ClInclude Include="Source\SDLSprite.h">
      <Filter>Encapsulation\Sprite\Public</Filter>
    </ClInclude>
    <ClInclude Include="Source\Sprite.h">
      <Filter>Encapsulation\Sprite\Public</Filter>
    </ClInclude>
    <ClInclude Include="Source\RaylibWindow.h">
      <Filter>Encapsulation\Window\Public</Filter>
    </ClInclude>
    <ClInclude Include="Source\SDLWindow.h">
      <Filter>Encapsulation\Window\Public</Filter>
    </ClInclude>
    <ClInclude Include="Source\Window.h">
      <Filter>Encapsulation\Window\Public</Filter>
    </ClInclude>
    <ClInclude Include="Source\RaylibTests.h">
      <Filter>LibsTests\Public</Filter>
    </ClInclude>
    <ClInclude Include="Source\SDLTests.h">
      <Filter>LibsTests\Public</Filter>
    </ClInclude>
  </ItemGroup>
  <ItemGroup>
    <Filter Include="Balls">
      <UniqueIdentifier>{ca9e028d-1113-486d-8593-c0779a34d130}</UniqueIdentifier>
    </Filter>
    <Filter Include="Balls\Public">
      <UniqueIdentifier>{204dcdb8-cf40-485e-85e4-12f93903bd0a}</UniqueIdentifier>
    </Filter>
    <Filter Include="Balls\Private">
      <UniqueIdentifier>{7351af21-55c1-43a8-a36f-cdd7115fa985}</UniqueIdentifier>
    </Filter>
    <Filter Include="Core">
      <UniqueIdentifier>{c8247b6b-5de6-40e2-a642-8bafde25fd74}</UniqueIdentifier>
    </Filter>
    <Filter Include="Encapsulation">
      <UniqueIdentifier>{73f9385c-bcfe-4627-b7d6-9969b04385a3}</UniqueIdentifier>
    </Filter>
    <Filter Include="Encapsulation\Window">
      <UniqueIdentifier>{4a6afb87-24d2-4606-940a-09019405c6f9}</UniqueIdentifier>
    </Filter>
    <Filter Include="Encapsulation\Sprite">
      <UniqueIdentifier>{80dc976e-a689-4c28-bb99-11162a334082}</UniqueIdentifier>
    </Filter>
    <Filter Include="Encapsulation\Event">
      <UniqueIdentifier>{b8fab1a9-4591-46f1-88aa-bdccb403079b}</UniqueIdentifier>
    </Filter>
    <Filter Include="LibsTests">
      <UniqueIdentifier>{57ad64e8-b3de-4dfd-ae85-2395ea96b264}</UniqueIdentifier>
    </Filter>
    <Filter Include="Core\Private">
      <UniqueIdentifier>{35693893-c307-49df-91f9-8c2db46d5b30}</UniqueIdentifier>
    </Filter>
    <Filter Include="Core\Public">
      <UniqueIdentifier>{d30c7815-8240-4583-8fba-ddfb8916a348}</UniqueIdentifier>
    </Filter>
    <Filter Include="Encapsulation\Event\Private">
      <UniqueIdentifier>{822a191a-b461-47a4-b845-876f28f58cfd}</UniqueIdentifier>
    </Filter>
    <Filter Include="Encapsulation\Event\Public">
      <UniqueIdentifier>{1dd194cc-b3dd-48c6-ac83-218eb1e7cabe}</UniqueIdentifier>
    </Filter>
    <Filter Include="Encapsulation\Sprite\Private">
      <UniqueIdentifier>{245f919d-83ec-47d5-92e8-11e52cbdf22b}</UniqueIdentifier>
    </Filter>
    <Filter Include="Encapsulation\Sprite\Public">
      <UniqueIdentifier>{1b441c79-592e-4ad2-a768-ec835a093741}</UniqueIdentifier>
    </Filter>
    <Filter Include="Encapsulation\Window\Private">
      <UniqueIdentifier>{70b89809-4baa-42c4-b507-3363990e0c19}</UniqueIdentifier>
    </Filter>
    <Filter Include="Encapsulation\Window\Public">
      <UniqueIdentifier>{b0bec7b2-dfb1-4b08-b006-dd2cf5f85358}</UniqueIdentifier>
    </Filter>
    <Filter Include="LibsTests\Private">
      <UniqueIdentifier>{9dcb4ac6-a44d-49e5-9762-e9a17e40f41a}</UniqueIdentifier>
    </Filter>
    <Filter Include="LibsTests\Public">
      <UniqueIdentifier>{bdfb560b-6dec-4fa4-8270-4b4d838882f6}</UniqueIdentifier>
    </Filter>
  </ItemGroup>
</Project>